
Microsoft Visual Studio Solution File, Format Version 12.00
# Visual Studio Version 17
VisualStudioVersion = 17.11.35219.272
MinimumVisualStudioVersion = 10.0.40219.1
Project("{FAE04EC0-301F-11D3-BF4B-00C04F79EFBC}") = "cluster.Shared", "cluster.Shared\cluster.Shared.csproj", "{CAE3E235-2229-493E-9785-82F5559E0D97}"
EndProject
Project("{FAE04EC0-301F-11D3-BF4B-00C04F79EFBC}") = "cluster.Web", "cluster.Web\cluster.Web.csproj", "{4F9F3651-2341-45EC-917C-5EBEE585C2C8}"
EndProject
Project("{FAE04EC0-301F-11D3-BF4B-00C04F79EFBC}") = "cluster.Api", "cluster.Api\cluster.Api.csproj", "{4F925326-3D18-4748-BA71-3409050A45C1}"
EndProject
Global
	GlobalSection(SolutionConfigurationPlatforms) = preSolution
		Debug|Any CPU = Debug|Any CPU
		Release|Any CPU = Release|Any CPU
	EndGlobalSection
	GlobalSection(ProjectConfigurationPlatforms) = postSolution
		{CAE3E235-2229-493E-9785-82F5559E0D97}.Debug|Any CPU.ActiveCfg = Debug|Any CPU
		{CAE3E235-2229-493E-9785-82F5559E0D97}.Debug|Any CPU.Build.0 = Debug|Any CPU
		{CAE3E235-2229-493E-9785-82F5559E0D97}.Release|Any CPU.ActiveCfg = Release|Any CPU
		{CAE3E235-2229-493E-9785-82F5559E0D97}.Release|Any CPU.Build.0 = Release|Any CPU
		{4F9F3651-2341-45EC-917C-5EBEE585C2C8}.Debug|Any CPU.ActiveCfg = Debug|Any CPU
		{4F9F3651-2341-45EC-917C-5EBEE585C2C8}.Debug|Any CPU.Build.0 = Debug|Any CPU
		{4F9F3651-2341-45EC-917C-5EBEE585C2C8}.Release|Any CPU.ActiveCfg = Release|Any CPU
		{4F9F3651-2341-45EC-917C-5EBEE585C2C8}.Release|Any CPU.Build.0 = Release|Any CPU
		{4F925326-3D18-4748-BA71-3409050A45C1}.Debug|Any CPU.ActiveCfg = Debug|Any CPU
		{4F925326-3D18-4748-BA71-3409050A45C1}.Debug|Any CPU.Build.0 = Debug|Any CPU
		{4F925326-3D18-4748-BA71-3409050A45C1}.Release|Any CPU.ActiveCfg = Release|Any CPU
		{4F925326-3D18-4748-BA71-3409050A45C1}.Release|Any CPU.Build.0 = Release|Any CPU
	EndGlobalSection
	GlobalSection(SolutionProperties) = preSolution
		HideSolutionNode = FALSE
	EndGlobalSection
	GlobalSection(ExtensibilityGlobals) = postSolution
		SolutionGuid = {D4ADD6B0-135C-4152-AE30-7D50ED485D7C}
	EndGlobalSection
EndGlobal
